{
    "_readme": [
        "This file locks the dependencies of your project to a known state",
        "Read more about it at https://getcomposer.org/doc/01-basic-usage.md#composer-lock-the-lock-file",
        "This file is @generated automatically"
    ],
    "content-hash": "fc4855050a4488ffef4e043dc38abf7b",
    "packages": [
        {
            "name": "container-interop/container-interop",
            "version": "1.2.0",
            "source": {
                "type": "git",
                "url": "https://github.com/container-interop/container-interop.git",
                "reference": "79cbf1341c22ec75643d841642dd5d6acd83bdb8"
            },
            "dist": {
                "type": "zip",
                "url": "https://api.github.com/repos/container-interop/container-interop/zipball/79cbf1341c22ec75643d841642dd5d6acd83bdb8",
                "reference": "79cbf1341c22ec75643d841642dd5d6acd83bdb8",
                "shasum": ""
            },
            "require": {
                "psr/container": "^1.0"
            },
            "type": "library",
            "autoload": {
                "psr-4": {
                    "Interop\\Container\\": "src/Interop/Container/"
                }
            },
            "notification-url": "https://packagist.org/downloads/",
            "license": [
                "MIT"
            ],
            "description": "Promoting the interoperability of container objects (DIC, SL, etc.)",
            "homepage": "https://github.com/container-interop/container-interop",
            "time": "2017-02-14T19:40:03+00:00"
        },
        {
            "name": "johnpbloch/wordpress",
            "version": "4.7.5",
            "source": {
                "type": "git",
                "url": "https://github.com/johnpbloch/wordpress.git",
                "reference": "381ef55a27e1dcc1c4bbe8b0c6a7ba2d45623819"
            },
            "dist": {
                "type": "zip",
                "url": "https://api.github.com/repos/johnpbloch/wordpress/zipball/381ef55a27e1dcc1c4bbe8b0c6a7ba2d45623819",
                "reference": "381ef55a27e1dcc1c4bbe8b0c6a7ba2d45623819",
                "shasum": ""
            },
            "require": {
                "johnpbloch/wordpress-core": "4.7.5",
                "johnpbloch/wordpress-core-installer": "~0.2",
                "php": ">=5.3.2"
            },
            "type": "package",
            "notification-url": "https://packagist.org/downloads/",
            "license": [
                "GPL-2.0+"
            ],
            "authors": [
                {
                    "name": "WordPress Community",
                    "homepage": "http://wordpress.org/about/"
                }
            ],
            "description": "WordPress is web software you can use to create a beautiful website or blog.",
            "homepage": "http://wordpress.org/",
            "keywords": [
                "blog",
                "cms",
                "wordpress"
            ],
            "time": "2017-05-16T22:48:14+00:00"
        },
        {
            "name": "johnpbloch/wordpress-core",
            "version": "4.7.5",
            "source": {
                "type": "git",
                "url": "https://github.com/johnpbloch/wordpress-core.git",
                "reference": "9a88a4b4c65f689d78789ef6ff77a7ca0239ec02"
            },
            "dist": {
                "type": "zip",
                "url": "https://api.github.com/repos/johnpbloch/wordpress-core/zipball/9a88a4b4c65f689d78789ef6ff77a7ca0239ec02",
                "reference": "9a88a4b4c65f689d78789ef6ff77a7ca0239ec02",
                "shasum": ""
            },
            "require": {
                "php": ">=5.3.2"
            },
            "type": "wordpress-core",
            "notification-url": "https://packagist.org/downloads/",
            "license": [
                "GPL-2.0+"
            ],
            "authors": [
                {
                    "name": "WordPress Community",
                    "homepage": "http://wordpress.org/about/"
                }
            ],
            "description": "WordPress is web software you can use to create a beautiful website or blog.",
            "homepage": "http://wordpress.org/",
            "keywords": [
                "blog",
                "cms",
                "wordpress"
            ],
            "time": "2017-05-16T22:48:08+00:00"
        },
        {
            "name": "johnpbloch/wordpress-core-installer",
            "version": "0.2.1",
            "source": {
                "type": "git",
                "url": "https://github.com/johnpbloch/wordpress-core-installer.git",
                "reference": "a04c2c383ef13aae077f36799ed2eafdebd618d2"
            },
            "dist": {
                "type": "zip",
                "url": "https://api.github.com/repos/johnpbloch/wordpress-core-installer/zipball/a04c2c383ef13aae077f36799ed2eafdebd618d2",
                "reference": "a04c2c383ef13aae077f36799ed2eafdebd618d2",
                "shasum": ""
            },
            "require": {
                "composer-plugin-api": "^1.0"
            },
            "conflict": {
                "composer/installers": "<1.0.6"
            },
            "require-dev": {
                "composer/composer": "1.0.*@dev"
            },
            "type": "composer-plugin",
            "extra": {
                "class": "johnpbloch\\Composer\\WordPressCorePlugin"
            },
            "autoload": {
                "psr-0": {
                    "johnpbloch\\Composer\\": "src/"
                }
            },
            "notification-url": "https://packagist.org/downloads/",
            "license": [
                "GPL-2.0+"
            ],
            "authors": [
                {
                    "name": "John P. Bloch",
                    "email": "me@johnpbloch.com"
                }
            ],
            "description": "A custom installer to handle deploying WordPress with composer",
            "keywords": [
                "wordpress"
            ],
            "time": "2015-06-11T15:15:30+00:00"
        },
        {
            "name": "monolog/monolog",
            "version": "1.22.1",
            "source": {
                "type": "git",
                "url": "https://github.com/Seldaek/monolog.git",
                "reference": "1e044bc4b34e91743943479f1be7a1d5eb93add0"
            },
            "dist": {
                "type": "zip",
                "url": "https://api.github.com/repos/Seldaek/monolog/zipball/1e044bc4b34e91743943479f1be7a1d5eb93add0",
                "reference": "1e044bc4b34e91743943479f1be7a1d5eb93add0",
                "shasum": ""
            },
            "require": {
                "php": ">=5.3.0",
                "psr/log": "~1.0"
            },
            "provide": {
                "psr/log-implementation": "1.0.0"
            },
            "require-dev": {
                "aws/aws-sdk-php": "^2.4.9 || ^3.0",
                "doctrine/couchdb": "~1.0@dev",
                "graylog2/gelf-php": "~1.0",
                "jakub-onderka/php-parallel-lint": "0.9",
                "php-amqplib/php-amqplib": "~2.4",
                "php-console/php-console": "^3.1.3",
                "phpunit/phpunit": "~4.5",
                "phpunit/phpunit-mock-objects": "2.3.0",
                "ruflin/elastica": ">=0.90 <3.0",
                "sentry/sentry": "^0.13",
                "swiftmailer/swiftmailer": "~5.3"
            },
            "suggest": {
                "aws/aws-sdk-php": "Allow sending log messages to AWS services like DynamoDB",
                "doctrine/couchdb": "Allow sending log messages to a CouchDB server",
                "ext-amqp": "Allow sending log messages to an AMQP server (1.0+ required)",
                "ext-mongo": "Allow sending log messages to a MongoDB server",
                "graylog2/gelf-php": "Allow sending log messages to a GrayLog2 server",
                "mongodb/mongodb": "Allow sending log messages to a MongoDB server via PHP Driver",
                "php-amqplib/php-amqplib": "Allow sending log messages to an AMQP server using php-amqplib",
                "php-console/php-console": "Allow sending log messages to Google Chrome",
                "rollbar/rollbar": "Allow sending log messages to Rollbar",
                "ruflin/elastica": "Allow sending log messages to an Elastic Search server",
                "sentry/sentry": "Allow sending log messages to a Sentry server"
            },
            "type": "library",
            "extra": {
                "branch-alias": {
                    "dev-master": "2.0.x-dev"
                }
            },
            "autoload": {
                "psr-4": {
                    "Monolog\\": "src/Monolog"
                }
            },
            "notification-url": "https://packagist.org/downloads/",
            "license": [
                "MIT"
            ],
            "authors": [
                {
                    "name": "Jordi Boggiano",
                    "email": "j.boggiano@seld.be",
                    "homepage": "http://seld.be"
                }
            ],
            "description": "Sends your logs to files, sockets, inboxes, databases and various web services",
            "homepage": "http://github.com/Seldaek/monolog",
            "keywords": [
                "log",
                "logging",
                "psr-3"
            ],
            "time": "2017-03-13T07:08:03+00:00"
        },
        {
            "name": "nikic/fast-route",
            "version": "v1.2.0",
            "source": {
                "type": "git",
                "url": "https://github.com/nikic/FastRoute.git",
                "reference": "b5f95749071c82a8e0f58586987627054400cdf6"
            },
            "dist": {
                "type": "zip",
                "url": "https://api.github.com/repos/nikic/FastRoute/zipball/b5f95749071c82a8e0f58586987627054400cdf6",
                "reference": "b5f95749071c82a8e0f58586987627054400cdf6",
                "shasum": ""
            },
            "require": {
                "php": ">=5.4.0"
            },
            "type": "library",
            "autoload": {
                "psr-4": {
                    "FastRoute\\": "src/"
                },
                "files": [
                    "src/functions.php"
                ]
            },
            "notification-url": "https://packagist.org/downloads/",
            "license": [
                "BSD-3-Clause"
            ],
            "authors": [
                {
                    "name": "Nikita Popov",
                    "email": "nikic@php.net"
                }
            ],
            "description": "Fast request router for PHP",
            "keywords": [
                "router",
                "routing"
            ],
            "time": "2017-01-19T11:35:12+00:00"
        },
        {
            "name": "oscarotero/psr7-middlewares",
            "version": "v3.20.0",
            "source": {
                "type": "git",
                "url": "https://github.com/oscarotero/psr7-middlewares.git",
                "reference": "34af332804e03703dc28f009a7b2c6a35268b81f"
            },
            "dist": {
                "type": "zip",
                "url": "https://api.github.com/repos/oscarotero/psr7-middlewares/zipball/34af332804e03703dc28f009a7b2c6a35268b81f",
                "reference": "34af332804e03703dc28f009a7b2c6a35268b81f",
                "shasum": ""
            },
            "require": {
                "php": ">=5.5.0"
            },
            "require-dev": {
                "aura/router": "^3.0",
                "aura/session": "2.*",
                "ext-mcrypt": "*",
                "filp/whoops": "2.*",
                "friendsofphp/php-cs-fixer": "^1.12",
                "google/recaptcha": "^1.1",
                "imagecow/imagecow": "^2.0",
                "justinrainbow/json-schema": ">=3.0",
                "league/route": "^2.0",
                "m6web/firewall": "~1.0",
                "matthiasmullie/scrapbook": "^1.0.1",
                "maximebf/debugbar": "~1.11",
                "micheh/psr7-cache": "^0.5.0",
                "mikey179/vfsstream": "^1.6",
                "mobiledetect/mobiledetectlib": "^2.8",
                "monolog/monolog": "^1.17",
                "mrclay/minify": "^2.2",
                "neomerx/cors-psr7": "^1.0",
                "nikic/fast-route": "^0.7",
                "paragonie/csp-builder": "^1.3",
                "phpunit/phpunit": ">=4.8",
                "piwik/referrer-spam-blacklist": "^1.0",
                "ramsey/uuid": "^3.1",
                "relay/relay": "1.*",
                "willdurand/geocoder": "^3.2",
                "willdurand/negotiation": "~2.0",
                "zendframework/zend-diactoros": "1.*"
            },
            "suggest": {
                "aura/router": "To use AuraRouter",
                "aura/session": "To use AuraSession",
                "filp/whoops": "To use Whoops",
                "google/recaptcha": "To use Recaptcha",
                "imagecow/imagecow": "To use ImageTransformer",
                "justinrainbow/json-schema": "To validate JSON with route-matched schemas.",
                "league/route": "To use LeagueRoute",
                "m6web/firewall": "To use Firewall",
                "maximebf/debugbar": "To use DebugBar",
                "micheh/psr7-cache": "To use Cache",
                "mobiledetect/mobiledetectlib": "To use DetectDevice",
                "mrclay/minify": "To use Minify",
                "neomerx/cors-psr7": "To use Cors",
                "nikic/fast-route": "To use FastRoute",
                "paragonie/csp-builder": "To use Csp",
                "piwik/referrer-spam-blacklist": "To use BlockSpam",
                "psr/cache-implementation": "To use Cache",
                "psr/log-implementation": "To use AccessLog",
                "ramsey/uuid": "To use Uuid",
                "willdurand/geocoder": "To use Geolocate",
                "willdurand/negotiation": "To use FormatNegotiator, LanguageNegotiator and EncodingNegotiator"
            },
            "type": "library",
            "autoload": {
                "psr-4": {
                    "Psr7Middlewares\\": "src/"
                }
            },
            "notification-url": "https://packagist.org/downloads/",
            "license": [
                "MIT"
            ],
            "authors": [
                {
                    "name": "Oscar Otero",
                    "email": "oom@oscarotero.com",
                    "homepage": "http://oscarotero.com",
                    "role": "Developer"
                }
            ],
            "description": "Collection of HTTP middlewares compatible with PSR-7",
            "homepage": "https://github.com/oscarotero/psr7-middlewares",
            "keywords": [
                "http",
                "middlewares",
                "psr-7",
                "psr-messages"
            ],
            "time": "2017-03-23T18:11:12+00:00"
        },
        {
            "name": "pimple/pimple",
            "version": "v3.0.2",
            "source": {
                "type": "git",
                "url": "https://github.com/silexphp/Pimple.git",
                "reference": "a30f7d6e57565a2e1a316e1baf2a483f788b258a"
            },
            "dist": {
                "type": "zip",
                "url": "https://api.github.com/repos/silexphp/Pimple/zipball/a30f7d6e57565a2e1a316e1baf2a483f788b258a",
                "reference": "a30f7d6e57565a2e1a316e1baf2a483f788b258a",
                "shasum": ""
            },
            "require": {
                "php": ">=5.3.0"
            },
            "type": "library",
            "extra": {
                "branch-alias": {
                    "dev-master": "3.0.x-dev"
                }
            },
            "autoload": {
                "psr-0": {
                    "Pimple": "src/"
                }
            },
            "notification-url": "https://packagist.org/downloads/",
            "license": [
                "MIT"
            ],
            "authors": [
                {
                    "name": "Fabien Potencier",
                    "email": "fabien@symfony.com"
                }
            ],
            "description": "Pimple, a simple Dependency Injection Container",
            "homepage": "http://pimple.sensiolabs.org",
            "keywords": [
                "container",
                "dependency injection"
            ],
            "time": "2015-09-11T15:10:35+00:00"
        },
        {
            "name": "psr/container",
            "version": "1.0.0",
            "source": {
                "type": "git",
                "url": "https://github.com/php-fig/container.git",
                "reference": "b7ce3b176482dbbc1245ebf52b181af44c2cf55f"
            },
            "dist": {
                "type": "zip",
                "url": "https://api.github.com/repos/php-fig/container/zipball/b7ce3b176482dbbc1245ebf52b181af44c2cf55f",
                "reference": "b7ce3b176482dbbc1245ebf52b181af44c2cf55f",
                "shasum": ""
            },
            "require": {
                "php": ">=5.3.0"
            },
            "type": "library",
            "extra": {
                "branch-alias": {
                    "dev-master": "1.0.x-dev"
                }
            },
            "autoload": {
                "psr-4": {
                    "Psr\\Container\\": "src/"
                }
            },
            "notification-url": "https://packagist.org/downloads/",
            "license": [
                "MIT"
            ],
            "authors": [
                {
                    "name": "PHP-FIG",
                    "homepage": "http://www.php-fig.org/"
                }
            ],
            "description": "Common Container Interface (PHP FIG PSR-11)",
            "homepage": "https://github.com/php-fig/container",
            "keywords": [
                "PSR-11",
                "container",
                "container-interface",
                "container-interop",
                "psr"
            ],
            "time": "2017-02-14T16:28:37+00:00"
        },
        {
            "name": "psr/http-message",
            "version": "1.0.1",
            "source": {
                "type": "git",
                "url": "https://github.com/php-fig/http-message.git",
                "reference": "f6561bf28d520154e4b0ec72be95418abe6d9363"
            },
            "dist": {
                "type": "zip",
                "url": "https://api.github.com/repos/php-fig/http-message/zipball/f6561bf28d520154e4b0ec72be95418abe6d9363",
                "reference": "f6561bf28d520154e4b0ec72be95418abe6d9363",
                "shasum": ""
            },
            "require": {
                "php": ">=5.3.0"
            },
            "type": "library",
            "extra": {
                "branch-alias": {
                    "dev-master": "1.0.x-dev"
                }
            },
            "autoload": {
                "psr-4": {
                    "Psr\\Http\\Message\\": "src/"
                }
            },
            "notification-url": "https://packagist.org/downloads/",
            "license": [
                "MIT"
            ],
            "authors": [
                {
                    "name": "PHP-FIG",
                    "homepage": "http://www.php-fig.org/"
                }
            ],
            "description": "Common interface for HTTP messages",
            "homepage": "https://github.com/php-fig/http-message",
            "keywords": [
                "http",
                "http-message",
                "psr",
                "psr-7",
                "request",
                "response"
            ],
            "time": "2016-08-06T14:39:51+00:00"
        },
        {
            "name": "psr/log",
            "version": "1.0.2",
            "source": {
                "type": "git",
                "url": "https://github.com/php-fig/log.git",
                "reference": "4ebe3a8bf773a19edfe0a84b6585ba3d401b724d"
            },
            "dist": {
                "type": "zip",
                "url": "https://api.github.com/repos/php-fig/log/zipball/4ebe3a8bf773a19edfe0a84b6585ba3d401b724d",
                "reference": "4ebe3a8bf773a19edfe0a84b6585ba3d401b724d",
                "shasum": ""
            },
            "require": {
                "php": ">=5.3.0"
            },
            "type": "library",
            "extra": {
                "branch-alias": {
                    "dev-master": "1.0.x-dev"
                }
            },
            "autoload": {
                "psr-4": {
                    "Psr\\Log\\": "Psr/Log/"
                }
            },
            "notification-url": "https://packagist.org/downloads/",
            "license": [
                "MIT"
            ],
            "authors": [
                {
                    "name": "PHP-FIG",
                    "homepage": "http://www.php-fig.org/"
                }
            ],
            "description": "Common interface for logging libraries",
            "homepage": "https://github.com/php-fig/log",
            "keywords": [
                "log",
                "psr",
                "psr-3"
            ],
            "time": "2016-10-10T12:19:37+00:00"
        },
        {
            "name": "slim/flash",
            "version": "0.2.0",
            "source": {
                "type": "git",
                "url": "https://github.com/slimphp/Slim-Flash.git",
                "reference": "3c9a26b3163820acc48080336c504d0a3cac6f30"
            },
            "dist": {
                "type": "zip",
                "url": "https://api.github.com/repos/slimphp/Slim-Flash/zipball/3c9a26b3163820acc48080336c504d0a3cac6f30",
                "reference": "3c9a26b3163820acc48080336c504d0a3cac6f30",
                "shasum": ""
            },
            "require": {
                "php": ">=5.5.0"
            },
            "require-dev": {
                "phpunit/phpunit": "^4.0"
            },
            "type": "library",
            "autoload": {
                "psr-4": {
                    "Slim\\Flash\\": "src"
                }
            },
            "notification-url": "https://packagist.org/downloads/",
            "license": [
                "MIT"
            ],
            "authors": [
                {
                    "name": "Josh Lockhart",
                    "email": "hello@joshlockhart.com",
                    "homepage": "http://joshlockhart.com"
                }
            ],
            "description": "Slim Framework Flash message service provider",
            "homepage": "http://slimframework.com",
            "keywords": [
                "flash",
                "framework",
                "message",
                "provider",
                "slim"
            ],
            "time": "2016-11-11T16:29:19+00:00"
        },
        {
            "name": "slim/slim",
            "version": "3.8.1",
            "source": {
                "type": "git",
                "url": "https://github.com/slimphp/Slim.git",
                "reference": "5385302707530b2bccee1769613ad769859b826d"
            },
            "dist": {
                "type": "zip",
                "url": "https://api.github.com/repos/slimphp/Slim/zipball/5385302707530b2bccee1769613ad769859b826d",
                "reference": "5385302707530b2bccee1769613ad769859b826d",
                "shasum": ""
            },
            "require": {
                "container-interop/container-interop": "^1.2",
                "nikic/fast-route": "^1.0",
                "php": ">=5.5.0",
                "pimple/pimple": "^3.0",
                "psr/container": "^1.0",
                "psr/http-message": "^1.0"
            },
            "provide": {
                "psr/http-message-implementation": "1.0"
            },
            "require-dev": {
                "phpunit/phpunit": "^4.0",
                "squizlabs/php_codesniffer": "^2.5"
            },
            "type": "library",
            "autoload": {
                "psr-4": {
                    "Slim\\": "Slim"
                }
            },
            "notification-url": "https://packagist.org/downloads/",
            "license": [
                "MIT"
            ],
            "authors": [
                {
                    "name": "Rob Allen",
                    "email": "rob@akrabat.com",
                    "homepage": "http://akrabat.com"
                },
                {
                    "name": "Josh Lockhart",
                    "email": "hello@joshlockhart.com",
                    "homepage": "https://joshlockhart.com"
                },
                {
                    "name": "Gabriel Manricks",
                    "email": "gmanricks@me.com",
                    "homepage": "http://gabrielmanricks.com"
                },
                {
                    "name": "Andrew Smith",
                    "email": "a.smith@silentworks.co.uk",
                    "homepage": "http://silentworks.co.uk"
                }
            ],
            "description": "Slim is a PHP micro framework that helps you quickly write simple yet powerful web applications and APIs",
            "homepage": "https://slimframework.com",
            "keywords": [
                "api",
                "framework",
                "micro",
                "router"
            ],
            "time": "2017-03-19T17:55:20+00:00"
        },
        {
            "name": "slim/twig-view",
            "version": "2.2.0",
            "source": {
                "type": "git",
                "url": "https://github.com/slimphp/Twig-View.git",
                "reference": "a743ac45e2a089942159dda499c5ef5bc5f6bfa6"
            },
            "dist": {
                "type": "zip",
                "url": "https://api.github.com/repos/slimphp/Twig-View/zipball/a743ac45e2a089942159dda499c5ef5bc5f6bfa6",
                "reference": "a743ac45e2a089942159dda499c5ef5bc5f6bfa6",
                "shasum": ""
            },
            "require": {
                "php": ">=5.5.0",
                "psr/http-message": "^1.0",
                "twig/twig": "^1.18|^2.0"
            },
            "require-dev": {
                "phpunit/phpunit": "^4.8|^5.7"
            },
            "type": "library",
            "autoload": {
                "psr-4": {
                    "Slim\\Views\\": "src"
                }
            },
            "notification-url": "https://packagist.org/downloads/",
            "license": [
                "MIT"
            ],
            "authors": [
                {
                    "name": "Josh Lockhart",
                    "email": "hello@joshlockhart.com",
                    "homepage": "http://joshlockhart.com"
                }
            ],
            "description": "Slim Framework 3 view helper built on top of the Twig 2 templating component",
            "homepage": "http://slimframework.com",
            "keywords": [
                "framework",
                "slim",
                "template",
                "twig",
                "view"
            ],
            "time": "2017-01-25T20:38:39+00:00"
        },
        {
            "name": "twig/extensions",
            "version": "v1.5.0",
            "source": {
                "type": "git",
                "url": "https://github.com/twigphp/Twig-extensions.git",
                "reference": "d6d74d6f3213a9574c460c4390c25a1a67c17cc3"
            },
            "dist": {
                "type": "zip",
                "url": "https://api.github.com/repos/twigphp/Twig-extensions/zipball/d6d74d6f3213a9574c460c4390c25a1a67c17cc3",
                "reference": "d6d74d6f3213a9574c460c4390c25a1a67c17cc3",
                "shasum": ""
            },
            "require": {
                "twig/twig": "~1.27|~2.0"
            },
            "require-dev": {
                "symfony/phpunit-bridge": "~3.3@dev",
                "symfony/translation": "~2.3|~3.0"
            },
            "suggest": {
                "symfony/translation": "Allow the time_diff output to be translated"
            },
            "type": "library",
            "extra": {
                "branch-alias": {
                    "dev-master": "1.5-dev"
                }
            },
            "autoload": {
                "psr-0": {
                    "Twig_Extensions_": "lib/"
                },
                "psr-4": {
                    "Twig\\Extensions\\": "src/"
                }
            },
            "notification-url": "https://packagist.org/downloads/",
            "license": [
                "MIT"
            ],
            "authors": [
                {
                    "name": "Fabien Potencier",
                    "email": "fabien@symfony.com"
                }
            ],
            "description": "Common additional features for Twig that do not directly belong in core",
            "homepage": "http://twig.sensiolabs.org/doc/extensions/index.html",
            "keywords": [
                "i18n",
                "text"
            ],
            "time": "2017-05-24T06:24:07+00:00"
        },
        {
            "name": "twig/twig",
            "version": "v1.33.2",
            "source": {
                "type": "git",
                "url": "https://github.com/twigphp/Twig.git",
                "reference": "dd6ca96227917e1e85b41c7c3cc6507b411e0927"
            },
            "dist": {
                "type": "zip",
                "url": "https://api.github.com/repos/twigphp/Twig/zipball/dd6ca96227917e1e85b41c7c3cc6507b411e0927",
                "reference": "dd6ca96227917e1e85b41c7c3cc6507b411e0927",
                "shasum": ""
            },
            "require": {
                "php": ">=5.2.7"
            },
            "require-dev": {
                "psr/container": "^1.0",
                "symfony/debug": "~2.7",
                "symfony/phpunit-bridge": "~3.3@dev"
            },
            "type": "library",
            "extra": {
                "branch-alias": {
                    "dev-master": "1.33-dev"
                }
            },
            "autoload": {
                "psr-0": {
                    "Twig_": "lib/"
                }
            },
            "notification-url": "https://packagist.org/downloads/",
            "license": [
                "BSD-3-Clause"
            ],
            "authors": [
                {
                    "name": "Fabien Potencier",
                    "email": "fabien@symfony.com",
                    "homepage": "http://fabien.potencier.org",
                    "role": "Lead Developer"
                },
                {
                    "name": "Armin Ronacher",
                    "email": "armin.ronacher@active-4.com",
                    "role": "Project Founder"
                },
                {
                    "name": "Twig Team",
                    "homepage": "http://twig.sensiolabs.org/contributors",
                    "role": "Contributors"
                }
            ],
            "description": "Twig, the flexible, fast, and secure template language for PHP",
            "homepage": "http://twig.sensiolabs.org",
            "keywords": [
                "templating"
            ],
            "time": "2017-04-20T17:39:48+00:00"
        }
    ],
    "packages-dev": [],
    "aliases": [],
    "minimum-stability": "stable",
    "stability-flags": [],
    "prefer-stable": false,
    "prefer-lowest": false,
    "platform": [],
    "platform-dev": []
}
